// !$*UTF8*$!
{
	archiveVersion = 1;
	classes = {
	};
	objectVersion = 46;
	objects = {

/* Begin PBXBuildFile section */
		DA0E458B1F032B5100EA4B88 /* main.m in Sources */ = {isa = PBXBuildFile; fileRef = DA0E458A1F032B5100EA4B88 /* main.m */; };
		DA0E45931F032B9B00EA4B88 /* exampleMethod.m in Sources */ = {isa = PBXBuildFile; fileRef = DA0E45921F032B9B00EA4B88 /* exampleMethod.m */; };
/* End PBXBuildFile section */

/* Begin PBXCopyFilesBuildPhase section */
		DA0E45851F032B5100EA4B88 /* CopyFiles */ = {
			isa = PBXCopyFilesBuildPhase;
			buildActionMask = 2147483647;
			dstPath = /usr/share/man/man1/;
			dstSubfolderSpec = 0;
			files = (
			);
			runOnlyForDeploymentPostprocessing = 1;
		};
/* End PBXCopyFilesBuildPhase section */

/* Begin PBXFileReference section */
		DA0E45871F032B5100EA4B88 /* Creating class - adding methods */ = {isa = PBXFileReference; explicitFileType = "compiled.mach-o.executable"; includeInIndex = 0; path = "Creating class - adding methods"; sourceTree = BUILT_PRODUCTS_DIR; };
		DA0E458A1F032B5100EA4B88 /* main.m */ = {isa = PBXFileReference; lastKnownFileType = sourcecode.c.objc; path = main.m; sourceTree = "<group>"; };
		DA0E45911F032B9B00EA4B88 /* exampleMethod.h */ = {isa = PBXFileReference; fileEncoding = 4; lastKnownFileType = sourcecode.c.h; path = exampleMethod.h; sourceTree = "<group>"; };
		DA0E45921F032B9B00EA4B88 /* exampleMethod.m */ = {isa = PBXFileReference; fileEncoding = 4; lastKnownFileType = sourcecode.c.objc; path = exampleMethod.m; sourceTree = "<group>"; };
/* End PBXFileReference section */

/* Begin PBXFrameworksBuildPhase section */
		DA0E45841F032B5100EA4B88 /* Frameworks */ = {
			isa = PBXFrameworksBuildPhase;
			buildActionMask = 2147483647;
			files = (
			);
			runOnlyForDeploymentPostprocessing = 0;
		};
/* End PBXFrameworksBuildPhase section */

/* Begin PBXGroup section */
		DA0E457E1F032B5100EA4B88 = {
			isa = PBXGroup;
			children = (
				DA0E45891F032B5100EA4B88 /* Creating class - adding methods */,
				DA0E45881F032B5100EA4B88 /* Products */,
			);
			sourceTree = "<group>";
		};
		DA0E45881F032B5100EA4B88 /* Products */ = {
			isa = PBXGroup;
			children = (
				DA0E45871F032B5100EA4B88 /* Creating class - adding methods */,
			);
			name = Products;
			sourceTree = "<group>";
		};
		DA0E45891F032B5100EA4B88 /* Creating class - adding methods */ = {
			isa = PBXGroup;
			children = (
				DA0E458A1F032B5100EA4B88 /* main.m */,
				DA0E45911F032B9B00EA4B88 /* exampleMethod.h */,
				DA0E45921F032B9B00EA4B88 /* exampleMethod.m */,
			);
			path = "Creating class - adding methods";
			sourceTree = "<group>";
		};
/* End PBXGroup section */

/* Begin PBXNativeTarget section */
		DA0E45861F032B5100EA4B88 /* Creating class - adding methods */ = {
			isa = PBXNativeTarget;
			buildConfigurationList = DA0E458E1F032B5100EA4B88 /* Build configuration list for PBXNativeTarget "Creating class - adding methods" */;
			buildPhases = (
				DA0E45831F032B5100EA4B88 /* Sources */,
				DA0E45841F032B5100EA4B88 /* Frameworks */,
				DA0E45851F032B5100EA4B88 /* CopyFiles */,
			);
			buildRules = (
			);
			dependencies = (
			);
			name = "Creating class - adding methods";
			productName = "Creating class - adding methods";
			productReference = DA0E45871F032B5100EA4B88 /* Creating class - adding methods */;
			productType = "com.apple.product-type.tool";
		};
/* End PBXNativeTarget section */

/* Begin PBXProject section */
		DA0E457F1F032B5100EA4B88 /* Project object */ = {
			isa = PBXProject;
			attributes = {
				LastUpgradeCheck = 0830;
				ORGANIZATIONNAME = Paul;
				TargetAttributes = {
					DA0E45861F032B5100EA4B88 = {
						CreatedOnToolsVersion = 8.3.3;
						ProvisioningStyle = Automatic;
					};
				};
			};
			buildConfigurationList = DA0E45821F032B5100EA4B88 /* Build configuration list for PBXProject "Creating class - adding methods" */;
			compatibilityVersion = "Xcode 3.2";
			developmentRegion = English;
			hasScannedForEncodings = 0;
			knownRegions = (
				en,
			);
			mainGroup = DA0E457E1F032B5100EA4B88;
			productRefGroup = DA0E45881F032B5100EA4B88 /* Products */;
			projectDirPath = "";
			projectRoot = "";
			targets = (
				DA0E45861F032B5100EA4B88 /* Creating class - adding methods */,
			);
		};
/* End PBXProject section */

/* Begin PBXSourcesBuildPhase section */
		DA0E45831F032B5100EA4B88 /* Sources */ = {
			isa = PBXSourcesBuildPhase;
			buildActionMask = 2147483647;
			files = (
				DA0E458B1F032B5100EA4B88 /* main.m in Sources */,
				DA0E45931F032B9B00EA4B88 /* exampleMethod.m in Sources */,
			);
			runOnlyForDeploymentPostprocessing = 0;
		};
/* End PBXSourcesBuildPhase section */

/* Begin XCBuildConfiguration section */
		DA0E458C1F032B5100EA4B88 /* Debug */ = {
			isa = XCBuildConfiguration;
			buildSettings = {
				ALWAYS_SEARCH_USER_PATHS = NO;
				CLANG_ANALYZER_NONNULL = YES;
				CLANG_ANALYZER_NUMBER_OBJECT_CONVERSION = YES_AGGRESSIVE;
				CLANG_CXX_LANGUAGE_STANDARD = "gnu++0x";
				CLANG_CXX_LIBRARY = "libc++";
				CLANG_ENABLE_MODULES = YES;
				CLANG_ENABLE_OBJC_ARC = YES;
				CLANG_WARN_BOOL_CONVERSION = YES;
				CLANG_WARN_CONSTANT_CONVERSION = YES;
				CLANG_WARN_DIRECT_OBJC_ISA_USAGE = YES_ERROR;
				CLANG_WARN_DOCUMENTATION_COMMENTS = YES;
				CLANG_WARN_EMPTY_BODY = YES;
				CLANG_WARN_ENUM_CONVERSION = YES;
				CLANG_WARN_INFINITE_RECURSION = YES;
				CLANG_WARN_INT_CONVERSION = YES;
				CLANG_WARN_OBJC_ROOT_CLASS = YES_ERROR;
				CLANG_WARN_SUSPICIOUS_MOVE = YES;
				CLANG_WARN_UNREACHABLE_CODE = YES;
				CLANG_WARN__DUPLICATE_METHOD_MATCH = YES;
				CODE_SIGN_IDENTITY = "-";
				COPY_PHASE_STRIP = NO;
				DEBUG_INFORMATION_FORMAT = dwarf;
				ENABLE_STRICT_OBJC_MSGSEND = YES;
				ENABLE_TESTABILITY = YES;
				GCC_C_LANGUAGE_STANDARD = gnu99;
				GCC_DYNAMIC_NO_PIC = NO;
				GCC_NO_COMMON_BLOCKS = YES;
				GCC_OPTIMIZATION_LEVEL = 0;
				GCC_PREPROCESSOR_DEFINITIONS = (
					"DEBUG=1",
					"$(inherited)",
				);
				GCC_WARN_64_TO_32_BIT_CONVERSION = YES;
				GCC_WARN_ABOUT_RETURN_TYPE = YES_ERROR;
				GCC_WARN_UNDECLARED_SELECTOR = YES;
				GCC_WARN_UNINITIALIZED_AUTOS = YES_AGGRESSIVE;
				GCC_WARN_UNUSED_FUNCTION = YES;
				GCC_WARN_UNUSED_VARIABLE = YES;
				MACOSX_DEPLOYMENT_TARGET = 10.12;
				MTL_ENABLE_DEBUG_INFO = YES;
				ONLY_ACTIVE_ARCH = YES;
				SDKROOT = macosx;
			};
			name = Debug;
		};
		DA0E458D1F032B5100EA4B88 /* Release */ = {
			isa = XCBuildConfiguration;
			buildSettings = {
				ALWAYS_SEARCH_USER_PATHS = NO;
				CLANG_ANALYZER_NONNULL = YES;
				CLANG_ANALYZER_NUMBER_OBJECT_CONVERSION = YES_AGGRESSIVE;
				CLANG_CXX_LANGUAGE_STANDARD = "gnu++0x";
				CLANG_CXX_LIBRARY = "libc++";
				CLANG_ENABLE_MODULES = YES;
				CLANG_ENABLE_OBJC_ARC = YES;
				CLANG_WARN_BOOL_CONVERSION = YES;
				CLANG_WARN_CONSTANT_CONVERSION = YES;
				CLANG_WARN_DIRECT_OBJC_ISA_USAGE = YES_ERROR;
				CLANG_WARN_DOCUMENTATION_COMMENTS = YES;
				CLANG_WARN_EMPTY_BODY = YES;
				CLANG_WARN_ENUM_CONVERSION = YES;
				CLANG_WARN_INFINITE_RECURSION = YES;
				CLANG_WARN_INT_CONVERSION = YES;
				CLANG_WARN_OBJC_ROOT_CLASS = YES_ERROR;
				CLANG_WARN_SUSPICIOUS_MOVE = YES;
				CLANG_WARN_UNREACHABLE_CODE = YES;
				CLANG_WARN__DUPLICATE_METHOD_MATCH = YES;
				CODE_SIGN_IDENTITY = "-";
				COPY_PHASE_STRIP = NO;
				DEBUG_INFORMATION_FORMAT = "dwarf-with-dsym";
				ENABLE_NS_ASSERTIONS = NO;
				ENABLE_STRICT_OBJC_MSGSEND = YES;
				GCC_C_LANGUAGE_STANDARD = gnu99;
				GCC_NO_COMMON_BLOCKS = YES;
				GCC_WARN_64_TO_32_BIT_CONVERSION = YES;
				GCC_WARN_ABOUT_RETURN_TYPE = YES_ERROR;
				GCC_WARN_UNDECLARED_SELECTOR = YES;
				GCC_WARN_UNINITIALIZED_AUTOS = YES_AGGRESSIVE;
				GCC_WARN_UNUSED_FUNCTION = YES;
				GCC_WARN_UNUSED_VARIABLE = YES;
				MACOSX_DEPLOYMENT_TARGET = 10.12;
				MTL_ENABLE_DEBUG_INFO = NO;
				SDKROOT = macosx;
			};
			name = Release;
		};
		DA0E458F1F032B5100EA4B88 /* Debug */ = {
			isa = XCBuildConfiguration;
			buildSettings = {
				PRODUCT_NAME = "$(TARGET_NAME)";
			};
			name = Debug;
		};
		DA0E45901F032B5100EA4B88 /* Release */ = {
			isa = XCBuildConfiguration;
			buildSettings = {
				PRODUCT_NAME = "$(TARGET_NAME)";
			};
			name = Release;
		};
/* End XCBuildConfiguration section */

/* Begin XCConfigurationList section */
		DA0E45821F032B5100EA4B88 /* Build configuration list for PBXProject "Creating class - adding methods" */ = {
			isa = XCConfigurationList;
			buildConfigurations = (
				DA0E458C1F032B5100EA4B88 /* Debug */,
				DA0E458D1F032B5100EA4B88 /* Release */,
			);
			defaultConfigurationIsVisible = 0;
			defaultConfigurationName = Release;
		};
		DA0E458E1F032B5100EA4B88 /* Build configuration list for PBXNativeTarget "Creating class - adding methods" */ = {
			isa = XCConfigurationList;
			buildConfigurations = (
				DA0E458F1F032B5100EA4B88 /* Debug */,
				DA0E45901F032B5100EA4B88 /* Release */,
			);
			defaultConfigurationIsVisible = 0;
		};
/* End XCConfigurationList section */
	};
	rootObject = DA0E457F1F032B5100EA4B88 /* Project object */;
}
