// !$*UTF8*$!
{
	archiveVersion = 1;
	classes = {
	};
	objectVersion = 46;
	objects = {

/* Begin PBXBuildFile section */
		DA230B181F0C8F3000832510 /* main.m in Sources */ = {isa = PBXBuildFile; fileRef = DA230B171F0C8F3000832510 /* main.m */; };
		DA70DBC91F58C4DB00FC401E /* StringByReplacingOccurences.m in Sources */ = {isa = PBXBuildFile; fileRef = DA70DBC81F58C4DB00FC401E /* StringByReplacingOccurences.m */; };
/* End PBXBuildFile section */

/* Begin PBXCopyFilesBuildPhase section */
		DA230B121F0C8F3000832510 /* CopyFiles */ = {
			isa = PBXCopyFilesBuildPhase;
			buildActionMask = 2147483647;
			dstPath = /usr/share/man/man1/;
			dstSubfolderSpec = 0;
			files = (
			);
			runOnlyForDeploymentPostprocessing = 1;
		};
/* End PBXCopyFilesBuildPhase section */

/* Begin PBXFileReference section */
		DA230B141F0C8F3000832510 /* Adding Categories to an existing class */ = {isa = PBXFileReference; explicitFileType = "compiled.mach-o.executable"; includeInIndex = 0; path = "Adding Categories to an existing class"; sourceTree = BUILT_PRODUCTS_DIR; };
		DA230B171F0C8F3000832510 /* main.m */ = {isa = PBXFileReference; lastKnownFileType = sourcecode.c.objc; path = main.m; sourceTree = "<group>"; };
		DA70DBC71F58C4DB00FC401E /* StringByReplacingOccurences.h */ = {isa = PBXFileReference; fileEncoding = 4; lastKnownFileType = sourcecode.c.h; path = StringByReplacingOccurences.h; sourceTree = "<group>"; };
		DA70DBC81F58C4DB00FC401E /* StringByReplacingOccurences.m */ = {isa = PBXFileReference; fileEncoding = 4; lastKnownFileType = sourcecode.c.objc; path = StringByReplacingOccurences.m; sourceTree = "<group>"; };
/* End PBXFileReference section */

/* Begin PBXFrameworksBuildPhase section */
		DA230B111F0C8F3000832510 /* Frameworks */ = {
			isa = PBXFrameworksBuildPhase;
			buildActionMask = 2147483647;
			files = (
			);
			runOnlyForDeploymentPostprocessing = 0;
		};
/* End PBXFrameworksBuildPhase section */

/* Begin PBXGroup section */
		DA230B0B1F0C8F3000832510 = {
			isa = PBXGroup;
			children = (
				DA230B161F0C8F3000832510 /* Adding Categories to an existing class */,
				DA230B151F0C8F3000832510 /* Products */,
			);
			sourceTree = "<group>";
		};
		DA230B151F0C8F3000832510 /* Products */ = {
			isa = PBXGroup;
			children = (
				DA230B141F0C8F3000832510 /* Adding Categories to an existing class */,
			);
			name = Products;
			sourceTree = "<group>";
		};
		DA230B161F0C8F3000832510 /* Adding Categories to an existing class */ = {
			isa = PBXGroup;
			children = (
				DA230B171F0C8F3000832510 /* main.m */,
				DA70DBC71F58C4DB00FC401E /* StringByReplacingOccurences.h */,
				DA70DBC81F58C4DB00FC401E /* StringByReplacingOccurences.m */,
			);
			path = "Adding Categories to an existing class";
			sourceTree = "<group>";
		};
/* End PBXGroup section */

/* Begin PBXNativeTarget section */
		DA230B131F0C8F3000832510 /* Adding Categories to an existing class */ = {
			isa = PBXNativeTarget;
			buildConfigurationList = DA230B1B1F0C8F3000832510 /* Build configuration list for PBXNativeTarget "Adding Categories to an existing class" */;
			buildPhases = (
				DA230B101F0C8F3000832510 /* Sources */,
				DA230B111F0C8F3000832510 /* Frameworks */,
				DA230B121F0C8F3000832510 /* CopyFiles */,
			);
			buildRules = (
			);
			dependencies = (
			);
			name = "Adding Categories to an existing class";
			productName = "Adding Categories to an existing class";
			productReference = DA230B141F0C8F3000832510 /* Adding Categories to an existing class */;
			productType = "com.apple.product-type.tool";
		};
/* End PBXNativeTarget section */

/* Begin PBXProject section */
		DA230B0C1F0C8F3000832510 /* Project object */ = {
			isa = PBXProject;
			attributes = {
				LastUpgradeCheck = 0830;
				ORGANIZATIONNAME = Paul;
				TargetAttributes = {
					DA230B131F0C8F3000832510 = {
						CreatedOnToolsVersion = 8.3.3;
						ProvisioningStyle = Automatic;
					};
				};
			};
			buildConfigurationList = DA230B0F1F0C8F3000832510 /* Build configuration list for PBXProject "Adding Categories to an existing class" */;
			compatibilityVersion = "Xcode 3.2";
			developmentRegion = English;
			hasScannedForEncodings = 0;
			knownRegions = (
				en,
			);
			mainGroup = DA230B0B1F0C8F3000832510;
			productRefGroup = DA230B151F0C8F3000832510 /* Products */;
			projectDirPath = "";
			projectRoot = "";
			targets = (
				DA230B131F0C8F3000832510 /* Adding Categories to an existing class */,
			);
		};
/* End PBXProject section */

/* Begin PBXSourcesBuildPhase section */
		DA230B101F0C8F3000832510 /* Sources */ = {
			isa = PBXSourcesBuildPhase;
			buildActionMask = 2147483647;
			files = (
				DA230B181F0C8F3000832510 /* main.m in Sources */,
				DA70DBC91F58C4DB00FC401E /* StringByReplacingOccurences.m in Sources */,
			);
			runOnlyForDeploymentPostprocessing = 0;
		};
/* End PBXSourcesBuildPhase section */

/* Begin XCBuildConfiguration section */
		DA230B191F0C8F3000832510 /* Debug */ = {
			isa = XCBuildConfiguration;
			buildSettings = {
				ALWAYS_SEARCH_USER_PATHS = NO;
				CLANG_ANALYZER_NONNULL = YES;
				CLANG_ANALYZER_NUMBER_OBJECT_CONVERSION = YES_AGGRESSIVE;
				CLANG_CXX_LANGUAGE_STANDARD = "gnu++0x";
				CLANG_CXX_LIBRARY = "libc++";
				CLANG_ENABLE_MODULES = YES;
				CLANG_ENABLE_OBJC_ARC = YES;
				CLANG_WARN_BOOL_CONVERSION = YES;
				CLANG_WARN_CONSTANT_CONVERSION = YES;
				CLANG_WARN_DIRECT_OBJC_ISA_USAGE = YES_ERROR;
				CLANG_WARN_DOCUMENTATION_COMMENTS = YES;
				CLANG_WARN_EMPTY_BODY = YES;
				CLANG_WARN_ENUM_CONVERSION = YES;
				CLANG_WARN_INFINITE_RECURSION = YES;
				CLANG_WARN_INT_CONVERSION = YES;
				CLANG_WARN_OBJC_ROOT_CLASS = YES_ERROR;
				CLANG_WARN_SUSPICIOUS_MOVE = YES;
				CLANG_WARN_UNREACHABLE_CODE = YES;
				CLANG_WARN__DUPLICATE_METHOD_MATCH = YES;
				CODE_SIGN_IDENTITY = "-";
				COPY_PHASE_STRIP = NO;
				DEBUG_INFORMATION_FORMAT = dwarf;
				ENABLE_STRICT_OBJC_MSGSEND = YES;
				ENABLE_TESTABILITY = YES;
				GCC_C_LANGUAGE_STANDARD = gnu99;
				GCC_DYNAMIC_NO_PIC = NO;
				GCC_NO_COMMON_BLOCKS = YES;
				GCC_OPTIMIZATION_LEVEL = 0;
				GCC_PREPROCESSOR_DEFINITIONS = (
					"DEBUG=1",
					"$(inherited)",
				);
				GCC_WARN_64_TO_32_BIT_CONVERSION = YES;
				GCC_WARN_ABOUT_RETURN_TYPE = YES_ERROR;
				GCC_WARN_UNDECLARED_SELECTOR = YES;
				GCC_WARN_UNINITIALIZED_AUTOS = YES_AGGRESSIVE;
				GCC_WARN_UNUSED_FUNCTION = YES;
				GCC_WARN_UNUSED_VARIABLE = YES;
				MACOSX_DEPLOYMENT_TARGET = 10.12;
				MTL_ENABLE_DEBUG_INFO = YES;
				ONLY_ACTIVE_ARCH = YES;
				SDKROOT = macosx;
			};
			name = Debug;
		};
		DA230B1A1F0C8F3000832510 /* Release */ = {
			isa = XCBuildConfiguration;
			buildSettings = {
				ALWAYS_SEARCH_USER_PATHS = NO;
				CLANG_ANALYZER_NONNULL = YES;
				CLANG_ANALYZER_NUMBER_OBJECT_CONVERSION = YES_AGGRESSIVE;
				CLANG_CXX_LANGUAGE_STANDARD = "gnu++0x";
				CLANG_CXX_LIBRARY = "libc++";
				CLANG_ENABLE_MODULES = YES;
				CLANG_ENABLE_OBJC_ARC = YES;
				CLANG_WARN_BOOL_CONVERSION = YES;
				CLANG_WARN_CONSTANT_CONVERSION = YES;
				CLANG_WARN_DIRECT_OBJC_ISA_USAGE = YES_ERROR;
				CLANG_WARN_DOCUMENTATION_COMMENTS = YES;
				CLANG_WARN_EMPTY_BODY = YES;
				CLANG_WARN_ENUM_CONVERSION = YES;
				CLANG_WARN_INFINITE_RECURSION = YES;
				CLANG_WARN_INT_CONVERSION = YES;
				CLANG_WARN_OBJC_ROOT_CLASS = YES_ERROR;
				CLANG_WARN_SUSPICIOUS_MOVE = YES;
				CLANG_WARN_UNREACHABLE_CODE = YES;
				CLANG_WARN__DUPLICATE_METHOD_MATCH = YES;
				CODE_SIGN_IDENTITY = "-";
				COPY_PHASE_STRIP = NO;
				DEBUG_INFORMATION_FORMAT = "dwarf-with-dsym";
				ENABLE_NS_ASSERTIONS = NO;
				ENABLE_STRICT_OBJC_MSGSEND = YES;
				GCC_C_LANGUAGE_STANDARD = gnu99;
				GCC_NO_COMMON_BLOCKS = YES;
				GCC_WARN_64_TO_32_BIT_CONVERSION = YES;
				GCC_WARN_ABOUT_RETURN_TYPE = YES_ERROR;
				GCC_WARN_UNDECLARED_SELECTOR = YES;
				GCC_WARN_UNINITIALIZED_AUTOS = YES_AGGRESSIVE;
				GCC_WARN_UNUSED_FUNCTION = YES;
				GCC_WARN_UNUSED_VARIABLE = YES;
				MACOSX_DEPLOYMENT_TARGET = 10.12;
				MTL_ENABLE_DEBUG_INFO = NO;
				SDKROOT = macosx;
			};
			name = Release;
		};
		DA230B1C1F0C8F3000832510 /* Debug */ = {
			isa = XCBuildConfiguration;
			buildSettings = {
				PRODUCT_NAME = "$(TARGET_NAME)";
			};
			name = Debug;
		};
		DA230B1D1F0C8F3000832510 /* Release */ = {
			isa = XCBuildConfiguration;
			buildSettings = {
				PRODUCT_NAME = "$(TARGET_NAME)";
			};
			name = Release;
		};
/* End XCBuildConfiguration section */

/* Begin XCConfigurationList section */
		DA230B0F1F0C8F3000832510 /* Build configuration list for PBXProject "Adding Categories to an existing class" */ = {
			isa = XCConfigurationList;
			buildConfigurations = (
				DA230B191F0C8F3000832510 /* Debug */,
				DA230B1A1F0C8F3000832510 /* Release */,
			);
			defaultConfigurationIsVisible = 0;
			defaultConfigurationName = Release;
		};
		DA230B1B1F0C8F3000832510 /* Build configuration list for PBXNativeTarget "Adding Categories to an existing class" */ = {
			isa = XCConfigurationList;
			buildConfigurations = (
				DA230B1C1F0C8F3000832510 /* Debug */,
				DA230B1D1F0C8F3000832510 /* Release */,
			);
			defaultConfigurationIsVisible = 0;
			defaultConfigurationName = Release;
		};
/* End XCConfigurationList section */
	};
	rootObject = DA230B0C1F0C8F3000832510 /* Project object */;
}
