// !$*UTF8*$!
{
	archiveVersion = 1;
	classes = {
	};
	objectVersion = 46;
	objects = {

/* Begin PBXBuildFile section */
		DA83B8B41F0C95EB0010C198 /* main.m in Sources */ = {isa = PBXBuildFile; fileRef = DA83B8B31F0C95EB0010C198 /* main.m */; };
		DA83B8BC1F0C965E0010C198 /* Account.m in Sources */ = {isa = PBXBuildFile; fileRef = DA83B8BB1F0C965E0010C198 /* Account.m */; };
/* End PBXBuildFile section */

/* Begin PBXCopyFilesBuildPhase section */
		DA83B8AE1F0C95EB0010C198 /* CopyFiles */ = {
			isa = PBXCopyFilesBuildPhase;
			buildActionMask = 2147483647;
			dstPath = /usr/share/man/man1/;
			dstSubfolderSpec = 0;
			files = (
			);
			runOnlyForDeploymentPostprocessing = 1;
		};
/* End PBXCopyFilesBuildPhase section */

/* Begin PBXFileReference section */
		DA83B8B01F0C95EB0010C198 /* Creating Class Extensions */ = {isa = PBXFileReference; explicitFileType = "compiled.mach-o.executable"; includeInIndex = 0; path = "Creating Class Extensions"; sourceTree = BUILT_PRODUCTS_DIR; };
		DA83B8B31F0C95EB0010C198 /* main.m */ = {isa = PBXFileReference; lastKnownFileType = sourcecode.c.objc; path = main.m; sourceTree = "<group>"; };
		DA83B8BA1F0C965E0010C198 /* Account.h */ = {isa = PBXFileReference; fileEncoding = 4; lastKnownFileType = sourcecode.c.h; path = Account.h; sourceTree = "<group>"; };
		DA83B8BB1F0C965E0010C198 /* Account.m */ = {isa = PBXFileReference; fileEncoding = 4; lastKnownFileType = sourcecode.c.objc; path = Account.m; sourceTree = "<group>"; };
		DA83B8BD1F0C9DC50010C198 /* Account_PrivateProperties.h */ = {isa = PBXFileReference; fileEncoding = 4; lastKnownFileType = sourcecode.c.h; name = Account_PrivateProperties.h; path = ../Account_PrivateProperties.h; sourceTree = "<group>"; };
/* End PBXFileReference section */

/* Begin PBXFrameworksBuildPhase section */
		DA83B8AD1F0C95EB0010C198 /* Frameworks */ = {
			isa = PBXFrameworksBuildPhase;
			buildActionMask = 2147483647;
			files = (
			);
			runOnlyForDeploymentPostprocessing = 0;
		};
/* End PBXFrameworksBuildPhase section */

/* Begin PBXGroup section */
		DA83B8A71F0C95EB0010C198 = {
			isa = PBXGroup;
			children = (
				DA83B8B21F0C95EB0010C198 /* Creating Class Extensions */,
				DA83B8B11F0C95EB0010C198 /* Products */,
			);
			sourceTree = "<group>";
		};
		DA83B8B11F0C95EB0010C198 /* Products */ = {
			isa = PBXGroup;
			children = (
				DA83B8B01F0C95EB0010C198 /* Creating Class Extensions */,
			);
			name = Products;
			sourceTree = "<group>";
		};
		DA83B8B21F0C95EB0010C198 /* Creating Class Extensions */ = {
			isa = PBXGroup;
			children = (
				DA83B8B31F0C95EB0010C198 /* main.m */,
				DA83B8BA1F0C965E0010C198 /* Account.h */,
				DA83B8BB1F0C965E0010C198 /* Account.m */,
				DA83B8BD1F0C9DC50010C198 /* Account_PrivateProperties.h */,
			);
			path = "Creating Class Extensions";
			sourceTree = "<group>";
		};
/* End PBXGroup section */

/* Begin PBXNativeTarget section */
		DA83B8AF1F0C95EB0010C198 /* Creating Class Extensions */ = {
			isa = PBXNativeTarget;
			buildConfigurationList = DA83B8B71F0C95EB0010C198 /* Build configuration list for PBXNativeTarget "Creating Class Extensions" */;
			buildPhases = (
				DA83B8AC1F0C95EB0010C198 /* Sources */,
				DA83B8AD1F0C95EB0010C198 /* Frameworks */,
				DA83B8AE1F0C95EB0010C198 /* CopyFiles */,
			);
			buildRules = (
			);
			dependencies = (
			);
			name = "Creating Class Extensions";
			productName = "Creating Class Extensions";
			productReference = DA83B8B01F0C95EB0010C198 /* Creating Class Extensions */;
			productType = "com.apple.product-type.tool";
		};
/* End PBXNativeTarget section */

/* Begin PBXProject section */
		DA83B8A81F0C95EB0010C198 /* Project object */ = {
			isa = PBXProject;
			attributes = {
				LastUpgradeCheck = 0830;
				ORGANIZATIONNAME = Paul;
				TargetAttributes = {
					DA83B8AF1F0C95EB0010C198 = {
						CreatedOnToolsVersion = 8.3.3;
						ProvisioningStyle = Automatic;
					};
				};
			};
			buildConfigurationList = DA83B8AB1F0C95EB0010C198 /* Build configuration list for PBXProject "Creating Class Extensions" */;
			compatibilityVersion = "Xcode 3.2";
			developmentRegion = English;
			hasScannedForEncodings = 0;
			knownRegions = (
				en,
			);
			mainGroup = DA83B8A71F0C95EB0010C198;
			productRefGroup = DA83B8B11F0C95EB0010C198 /* Products */;
			projectDirPath = "";
			projectRoot = "";
			targets = (
				DA83B8AF1F0C95EB0010C198 /* Creating Class Extensions */,
			);
		};
/* End PBXProject section */

/* Begin PBXSourcesBuildPhase section */
		DA83B8AC1F0C95EB0010C198 /* Sources */ = {
			isa = PBXSourcesBuildPhase;
			buildActionMask = 2147483647;
			files = (
				DA83B8B41F0C95EB0010C198 /* main.m in Sources */,
				DA83B8BC1F0C965E0010C198 /* Account.m in Sources */,
			);
			runOnlyForDeploymentPostprocessing = 0;
		};
/* End PBXSourcesBuildPhase section */

/* Begin XCBuildConfiguration section */
		DA83B8B51F0C95EB0010C198 /* Debug */ = {
			isa = XCBuildConfiguration;
			buildSettings = {
				ALWAYS_SEARCH_USER_PATHS = NO;
				CLANG_ANALYZER_NONNULL = YES;
				CLANG_ANALYZER_NUMBER_OBJECT_CONVERSION = YES_AGGRESSIVE;
				CLANG_CXX_LANGUAGE_STANDARD = "gnu++0x";
				CLANG_CXX_LIBRARY = "libc++";
				CLANG_ENABLE_MODULES = YES;
				CLANG_ENABLE_OBJC_ARC = YES;
				CLANG_WARN_BOOL_CONVERSION = YES;
				CLANG_WARN_CONSTANT_CONVERSION = YES;
				CLANG_WARN_DIRECT_OBJC_ISA_USAGE = YES_ERROR;
				CLANG_WARN_DOCUMENTATION_COMMENTS = YES;
				CLANG_WARN_EMPTY_BODY = YES;
				CLANG_WARN_ENUM_CONVERSION = YES;
				CLANG_WARN_INFINITE_RECURSION = YES;
				CLANG_WARN_INT_CONVERSION = YES;
				CLANG_WARN_OBJC_ROOT_CLASS = YES_ERROR;
				CLANG_WARN_SUSPICIOUS_MOVE = YES;
				CLANG_WARN_UNREACHABLE_CODE = YES;
				CLANG_WARN__DUPLICATE_METHOD_MATCH = YES;
				CODE_SIGN_IDENTITY = "-";
				COPY_PHASE_STRIP = NO;
				DEBUG_INFORMATION_FORMAT = dwarf;
				ENABLE_STRICT_OBJC_MSGSEND = YES;
				ENABLE_TESTABILITY = YES;
				GCC_C_LANGUAGE_STANDARD = gnu99;
				GCC_DYNAMIC_NO_PIC = NO;
				GCC_NO_COMMON_BLOCKS = YES;
				GCC_OPTIMIZATION_LEVEL = 0;
				GCC_PREPROCESSOR_DEFINITIONS = (
					"DEBUG=1",
					"$(inherited)",
				);
				GCC_WARN_64_TO_32_BIT_CONVERSION = YES;
				GCC_WARN_ABOUT_RETURN_TYPE = YES_ERROR;
				GCC_WARN_UNDECLARED_SELECTOR = YES;
				GCC_WARN_UNINITIALIZED_AUTOS = YES_AGGRESSIVE;
				GCC_WARN_UNUSED_FUNCTION = YES;
				GCC_WARN_UNUSED_VARIABLE = YES;
				MACOSX_DEPLOYMENT_TARGET = 10.12;
				MTL_ENABLE_DEBUG_INFO = YES;
				ONLY_ACTIVE_ARCH = YES;
				SDKROOT = macosx;
			};
			name = Debug;
		};
		DA83B8B61F0C95EB0010C198 /* Release */ = {
			isa = XCBuildConfiguration;
			buildSettings = {
				ALWAYS_SEARCH_USER_PATHS = NO;
				CLANG_ANALYZER_NONNULL = YES;
				CLANG_ANALYZER_NUMBER_OBJECT_CONVERSION = YES_AGGRESSIVE;
				CLANG_CXX_LANGUAGE_STANDARD = "gnu++0x";
				CLANG_CXX_LIBRARY = "libc++";
				CLANG_ENABLE_MODULES = YES;
				CLANG_ENABLE_OBJC_ARC = YES;
				CLANG_WARN_BOOL_CONVERSION = YES;
				CLANG_WARN_CONSTANT_CONVERSION = YES;
				CLANG_WARN_DIRECT_OBJC_ISA_USAGE = YES_ERROR;
				CLANG_WARN_DOCUMENTATION_COMMENTS = YES;
				CLANG_WARN_EMPTY_BODY = YES;
				CLANG_WARN_ENUM_CONVERSION = YES;
				CLANG_WARN_INFINITE_RECURSION = YES;
				CLANG_WARN_INT_CONVERSION = YES;
				CLANG_WARN_OBJC_ROOT_CLASS = YES_ERROR;
				CLANG_WARN_SUSPICIOUS_MOVE = YES;
				CLANG_WARN_UNREACHABLE_CODE = YES;
				CLANG_WARN__DUPLICATE_METHOD_MATCH = YES;
				CODE_SIGN_IDENTITY = "-";
				COPY_PHASE_STRIP = NO;
				DEBUG_INFORMATION_FORMAT = "dwarf-with-dsym";
				ENABLE_NS_ASSERTIONS = NO;
				ENABLE_STRICT_OBJC_MSGSEND = YES;
				GCC_C_LANGUAGE_STANDARD = gnu99;
				GCC_NO_COMMON_BLOCKS = YES;
				GCC_WARN_64_TO_32_BIT_CONVERSION = YES;
				GCC_WARN_ABOUT_RETURN_TYPE = YES_ERROR;
				GCC_WARN_UNDECLARED_SELECTOR = YES;
				GCC_WARN_UNINITIALIZED_AUTOS = YES_AGGRESSIVE;
				GCC_WARN_UNUSED_FUNCTION = YES;
				GCC_WARN_UNUSED_VARIABLE = YES;
				MACOSX_DEPLOYMENT_TARGET = 10.12;
				MTL_ENABLE_DEBUG_INFO = NO;
				SDKROOT = macosx;
			};
			name = Release;
		};
		DA83B8B81F0C95EB0010C198 /* Debug */ = {
			isa = XCBuildConfiguration;
			buildSettings = {
				PRODUCT_NAME = "$(TARGET_NAME)";
			};
			name = Debug;
		};
		DA83B8B91F0C95EB0010C198 /* Release */ = {
			isa = XCBuildConfiguration;
			buildSettings = {
				PRODUCT_NAME = "$(TARGET_NAME)";
			};
			name = Release;
		};
/* End XCBuildConfiguration section */

/* Begin XCConfigurationList section */
		DA83B8AB1F0C95EB0010C198 /* Build configuration list for PBXProject "Creating Class Extensions" */ = {
			isa = XCConfigurationList;
			buildConfigurations = (
				DA83B8B51F0C95EB0010C198 /* Debug */,
				DA83B8B61F0C95EB0010C198 /* Release */,
			);
			defaultConfigurationIsVisible = 0;
			defaultConfigurationName = Release;
		};
		DA83B8B71F0C95EB0010C198 /* Build configuration list for PBXNativeTarget "Creating Class Extensions" */ = {
			isa = XCConfigurationList;
			buildConfigurations = (
				DA83B8B81F0C95EB0010C198 /* Debug */,
				DA83B8B91F0C95EB0010C198 /* Release */,
			);
			defaultConfigurationIsVisible = 0;
		};
/* End XCConfigurationList section */
	};
	rootObject = DA83B8A81F0C95EB0010C198 /* Project object */;
}
